
Microsoft Visual Studio Solution File, Format Version 12.00
# Visual Studio Version 17
VisualStudioVersion = 17.7.34202.233
MinimumVisualStudioVersion = 10.0.40219.1
Project("{FAE04EC0-301F-11D3-BF4B-00C04F79EFBC}") = "TobetoETrade", "TobetoETrade\TobetoETrade.csproj", "{B627BF7D-D900-47A8-A21C-EEA8DE844A6A}"
EndProject
Project("{FAE04EC0-301F-11D3-BF4B-00C04F79EFBC}") = "Business", "Business\Business.csproj", "{5A6A4F69-1BDD-430C-A1D7-C9C3FC40BB52}"
EndProject
Project("{FAE04EC0-301F-11D3-BF4B-00C04F79EFBC}") = "DataAccess", "DataAccess\DataAccess.csproj", "{7268BED6-2F14-47B3-900C-2DB330D1CCFA}"
EndProject
Project("{FAE04EC0-301F-11D3-BF4B-00C04F79EFBC}") = "Entity", "Entity\Entity.csproj", "{BE148F84-6D8C-4886-B5EE-74121790D107}"
EndProject
Project("{FAE04EC0-301F-11D3-BF4B-00C04F79EFBC}") = "ConsoleUI", "ConsoleUI\ConsoleUI.csproj", "{02FF97A2-B090-4132-A1A4-5E94690CC456}"
EndProject
Global
	GlobalSection(SolutionConfigurationPlatforms) = preSolution
		Debug|Any CPU = Debug|Any CPU
		Release|Any CPU = Release|Any CPU
	EndGlobalSection
	GlobalSection(ProjectConfigurationPlatforms) = postSolution
		{B627BF7D-D900-47A8-A21C-EEA8DE844A6A}.Debug|Any CPU.ActiveCfg = Debug|Any CPU
		{B627BF7D-D900-47A8-A21C-EEA8DE844A6A}.Debug|Any CPU.Build.0 = Debug|Any CPU
		{B627BF7D-D900-47A8-A21C-EEA8DE844A6A}.Release|Any CPU.ActiveCfg = Release|Any CPU
		{B627BF7D-D900-47A8-A21C-EEA8DE844A6A}.Release|Any CPU.Build.0 = Release|Any CPU
		{5A6A4F69-1BDD-430C-A1D7-C9C3FC40BB52}.Debug|Any CPU.ActiveCfg = Debug|Any CPU
		{5A6A4F69-1BDD-430C-A1D7-C9C3FC40BB52}.Debug|Any CPU.Build.0 = Debug|Any CPU
		{5A6A4F69-1BDD-430C-A1D7-C9C3FC40BB52}.Release|Any CPU.ActiveCfg = Release|Any CPU
		{5A6A4F69-1BDD-430C-A1D7-C9C3FC40BB52}.Release|Any CPU.Build.0 = Release|Any CPU
		{7268BED6-2F14-47B3-900C-2DB330D1CCFA}.Debug|Any CPU.ActiveCfg = Debug|Any CPU
		{7268BED6-2F14-47B3-900C-2DB330D1CCFA}.Debug|Any CPU.Build.0 = Debug|Any CPU
		{7268BED6-2F14-47B3-900C-2DB330D1CCFA}.Release|Any CPU.ActiveCfg = Release|Any CPU
		{7268BED6-2F14-47B3-900C-2DB330D1CCFA}.Release|Any CPU.Build.0 = Release|Any CPU
		{BE148F84-6D8C-4886-B5EE-74121790D107}.Debug|Any CPU.ActiveCfg = Debug|Any CPU
		{BE148F84-6D8C-4886-B5EE-74121790D107}.Debug|Any CPU.Build.0 = Debug|Any CPU
		{BE148F84-6D8C-4886-B5EE-74121790D107}.Release|Any CPU.ActiveCfg = Release|Any CPU
		{BE148F84-6D8C-4886-B5EE-74121790D107}.Release|Any CPU.Build.0 = Release|Any CPU
		{02FF97A2-B090-4132-A1A4-5E94690CC456}.Debug|Any CPU.ActiveCfg = Debug|Any CPU
		{02FF97A2-B090-4132-A1A4-5E94690CC456}.Debug|Any CPU.Build.0 = Debug|Any CPU
		{02FF97A2-B090-4132-A1A4-5E94690CC456}.Release|Any CPU.ActiveCfg = Release|Any CPU
		{02FF97A2-B090-4132-A1A4-5E94690CC456}.Release|Any CPU.Build.0 = Release|Any CPU
	EndGlobalSection
	GlobalSection(SolutionProperties) = preSolution
		HideSolutionNode = FALSE
	EndGlobalSection
	GlobalSection(ExtensibilityGlobals) = postSolution
		SolutionGuid = {64EA6E45-0BBD-479D-BA00-3413A415C941}
	EndGlobalSection
EndGlobal
