
Microsoft Visual Studio Solution File, Format Version 12.00
# Visual Studio Version 17
VisualStudioVersion = 17.7.34202.233
MinimumVisualStudioVersion = 10.0.40219.1
Project("{FAE04EC0-301F-11D3-BF4B-00C04F79EFBC}") = "Strings", "Strings\Strings.csproj", "{8EC9197D-4CDA-4FE2-8A24-A94CE26FA62A}"
EndProject
Global
	GlobalSection(SolutionConfigurationPlatforms) = preSolution
		Debug|Any CPU = Debug|Any CPU
		Release|Any CPU = Release|Any CPU
	EndGlobalSection
	GlobalSection(ProjectConfigurationPlatforms) = postSolution
		{8EC9197D-4CDA-4FE2-8A24-A94CE26FA62A}.Debug|Any CPU.ActiveCfg = Debug|Any CPU
		{8EC9197D-4CDA-4FE2-8A24-A94CE26FA62A}.Debug|Any CPU.Build.0 = Debug|Any CPU
		{8EC9197D-4CDA-4FE2-8A24-A94CE26FA62A}.Release|Any CPU.ActiveCfg = Release|Any CPU
		{8EC9197D-4CDA-4FE2-8A24-A94CE26FA62A}.Release|Any CPU.Build.0 = Release|Any CPU
	EndGlobalSection
	GlobalSection(SolutionProperties) = preSolution
		HideSolutionNode = FALSE
	EndGlobalSection
	GlobalSection(ExtensibilityGlobals) = postSolution
		SolutionGuid = {B1692D5D-A145-4EFF-91D7-E0281DE4E2E5}
	EndGlobalSection
EndGlobal
